
Microsoft Visual Studio Solution File, Format Version 12.00
# Visual Studio 15
VisualStudioVersion = 15.0.28307.852
MinimumVisualStudioVersion = 10.0.40219.1
Project("{FAE04EC0-301F-11D3-BF4B-00C04F79EFBC}") = "OPCUAMQTT.Android", "OPCUAMQTT\OPCUAMQTT.Android\OPCUAMQTT.Android.csproj", "{4AB9CE3E-6E50-46A9-A963-F8CCFDFC3F6A}"
EndProject
Project("{FAE04EC0-301F-11D3-BF4B-00C04F79EFBC}") = "OPCUAMQTT.iOS", "OPCUAMQTT\OPCUAMQTT.iOS\OPCUAMQTT.iOS.csproj", "{74151F5A-1E14-4D9F-8F4B-549540B6986B}"
EndProject
Project("{FAE04EC0-301F-11D3-BF4B-00C04F79EFBC}") = "OPCUAMQTT.UWP", "OPCUAMQTT\OPCUAMQTT.UWP\OPCUAMQTT.UWP.csproj", "{EF2454FF-EACA-4FAD-AF7F-BF8E390E8930}"
EndProject
Project("{9A19103F-16F7-4668-BE54-9A1E7A4F7556}") = "OPCUAMQTT", "OPCUAMQTT\OPCUAMQTT\OPCUAMQTT.csproj", "{142FA802-115C-4955-85A5-61CAF57D60D9}"
EndProject
Global
	GlobalSection(SolutionConfigurationPlatforms) = preSolution
		Ad-Hoc|Any CPU = Ad-Hoc|Any CPU
		Ad-Hoc|ARM = Ad-Hoc|ARM
		Ad-Hoc|iPhone = Ad-Hoc|iPhone
		Ad-Hoc|iPhoneSimulator = Ad-Hoc|iPhoneSimulator
		Ad-Hoc|x64 = Ad-Hoc|x64
		Ad-Hoc|x86 = Ad-Hoc|x86
		AppStore|Any CPU = AppStore|Any CPU
		AppStore|ARM = AppStore|ARM
		AppStore|iPhone = AppStore|iPhone
		AppStore|iPhoneSimulator = AppStore|iPhoneSimulator
		AppStore|x64 = AppStore|x64
		AppStore|x86 = AppStore|x86
		Debug|Any CPU = Debug|Any CPU
		Debug|ARM = Debug|ARM
		Debug|iPhone = Debug|iPhone
		Debug|iPhoneSimulator = Debug|iPhoneSimulator
		Debug|x64 = Debug|x64
		Debug|x86 = Debug|x86
		Release|Any CPU = Release|Any CPU
		Release|ARM = Release|ARM
		Release|iPhone = Release|iPhone
		Release|iPhoneSimulator = Release|iPhoneSimulator
		Release|x64 = Release|x64
		Release|x86 = Release|x86
	EndGlobalSection
	GlobalSection(ProjectConfigurationPlatforms) = postSolution
		{4AB9CE3E-6E50-46A9-A963-F8CCFDFC3F6A}.Ad-Hoc|Any CPU.ActiveCfg = Release|Any CPU
		{4AB9CE3E-6E50-46A9-A963-F8CCFDFC3F6A}.Ad-Hoc|Any CPU.Build.0 = Release|Any CPU
		{4AB9CE3E-6E50-46A9-A963-F8CCFDFC3F6A}.Ad-Hoc|Any CPU.Deploy.0 = Release|Any CPU
		{4AB9CE3E-6E50-46A9-A963-F8CCFDFC3F6A}.Ad-Hoc|ARM.ActiveCfg = Release|Any CPU
		{4AB9CE3E-6E50-46A9-A963-F8CCFDFC3F6A}.Ad-Hoc|ARM.Build.0 = Release|Any CPU
		{4AB9CE3E-6E50-46A9-A963-F8CCFDFC3F6A}.Ad-Hoc|ARM.Deploy.0 = Release|Any CPU
		{4AB9CE3E-6E50-46A9-A963-F8CCFDFC3F6A}.Ad-Hoc|iPhone.ActiveCfg = Release|Any CPU
		{4AB9CE3E-6E50-46A9-A963-F8CCFDFC3F6A}.Ad-Hoc|iPhone.Build.0 = Release|Any CPU
		{4AB9CE3E-6E50-46A9-A963-F8CCFDFC3F6A}.Ad-Hoc|iPhone.Deploy.0 = Release|Any CPU
		{4AB9CE3E-6E50-46A9-A963-F8CCFDFC3F6A}.Ad-Hoc|iPhoneSimulator.ActiveCfg = Release|Any CPU
		{4AB9CE3E-6E50-46A9-A963-F8CCFDFC3F6A}.Ad-Hoc|iPhoneSimulator.Build.0 = Release|Any CPU
		{4AB9CE3E-6E50-46A9-A963-F8CCFDFC3F6A}.Ad-Hoc|iPhoneSimulator.Deploy.0 = Release|Any CPU
		{4AB9CE3E-6E50-46A9-A963-F8CCFDFC3F6A}.Ad-Hoc|x64.ActiveCfg = Release|Any CPU
		{4AB9CE3E-6E50-46A9-A963-F8CCFDFC3F6A}.Ad-Hoc|x64.Build.0 = Release|Any CPU
		{4AB9CE3E-6E50-46A9-A963-F8CCFDFC3F6A}.Ad-Hoc|x64.Deploy.0 = Release|Any CPU
		{4AB9CE3E-6E50-46A9-A963-F8CCFDFC3F6A}.Ad-Hoc|x86.ActiveCfg = Release|Any CPU
		{4AB9CE3E-6E50-46A9-A963-F8CCFDFC3F6A}.Ad-Hoc|x86.Build.0 = Release|Any CPU
		{4AB9CE3E-6E50-46A9-A963-F8CCFDFC3F6A}.Ad-Hoc|x86.Deploy.0 = Release|Any CPU
		{4AB9CE3E-6E50-46A9-A963-F8CCFDFC3F6A}.AppStore|Any CPU.ActiveCfg = Release|Any CPU
		{4AB9CE3E-6E50-46A9-A963-F8CCFDFC3F6A}.AppStore|Any CPU.Build.0 = Release|Any CPU
		{4AB9CE3E-6E50-46A9-A963-F8CCFDFC3F6A}.AppStore|Any CPU.Deploy.0 = Release|Any CPU
		{4AB9CE3E-6E50-46A9-A963-F8CCFDFC3F6A}.AppStore|ARM.ActiveCfg = Release|Any CPU
		{4AB9CE3E-6E50-46A9-A963-F8CCFDFC3F6A}.AppStore|ARM.Build.0 = Release|Any CPU
		{4AB9CE3E-6E50-46A9-A963-F8CCFDFC3F6A}.AppStore|ARM.Deploy.0 = Release|Any CPU
		{4AB9CE3E-6E50-46A9-A963-F8CCFDFC3F6A}.AppStore|iPhone.ActiveCfg = Release|Any CPU
		{4AB9CE3E-6E50-46A9-A963-F8CCFDFC3F6A}.AppStore|iPhone.Build.0 = Release|Any CPU
		{4AB9CE3E-6E50-46A9-A963-F8CCFDFC3F6A}.AppStore|iPhone.Deploy.0 = Release|Any CPU
		{4AB9CE3E-6E50-46A9-A963-F8CCFDFC3F6A}.AppStore|iPhoneSimulator.ActiveCfg = Release|Any CPU
		{4AB9CE3E-6E50-46A9-A963-F8CCFDFC3F6A}.AppStore|iPhoneSimulator.Build.0 = Release|Any CPU
		{4AB9CE3E-6E50-46A9-A963-F8CCFDFC3F6A}.AppStore|iPhoneSimulator.Deploy.0 = Release|Any CPU
		{4AB9CE3E-6E50-46A9-A963-F8CCFDFC3F6A}.AppStore|x64.ActiveCfg = Release|Any CPU
		{4AB9CE3E-6E50-46A9-A963-F8CCFDFC3F6A}.AppStore|x64.Build.0 = Release|Any CPU
		{4AB9CE3E-6E50-46A9-A963-F8CCFDFC3F6A}.AppStore|x64.Deploy.0 = Release|Any CPU
		{4AB9CE3E-6E50-46A9-A963-F8CCFDFC3F6A}.AppStore|x86.ActiveCfg = Release|Any CPU
		{4AB9CE3E-6E50-46A9-A963-F8CCFDFC3F6A}.AppStore|x86.Build.0 = Release|Any CPU
		{4AB9CE3E-6E50-46A9-A963-F8CCFDFC3F6A}.AppStore|x86.Deploy.0 = Release|Any CPU
		{4AB9CE3E-6E50-46A9-A963-F8CCFDFC3F6A}.Debug|Any CPU.ActiveCfg = Debug|Any CPU
		{4AB9CE3E-6E50-46A9-A963-F8CCFDFC3F6A}.Debug|Any CPU.Build.0 = Debug|Any CPU
		{4AB9CE3E-6E50-46A9-A963-F8CCFDFC3F6A}.Debug|Any CPU.Deploy.0 = Debug|Any CPU
		{4AB9CE3E-6E50-46A9-A963-F8CCFDFC3F6A}.Debug|ARM.ActiveCfg = Debug|Any CPU
		{4AB9CE3E-6E50-46A9-A963-F8CCFDFC3F6A}.Debug|ARM.Build.0 = Debug|Any CPU
		{4AB9CE3E-6E50-46A9-A963-F8CCFDFC3F6A}.Debug|ARM.Deploy.0 = Debug|Any CPU
		{4AB9CE3E-6E50-46A9-A963-F8CCFDFC3F6A}.Debug|iPhone.ActiveCfg = Debug|Any CPU
		{4AB9CE3E-6E50-46A9-A963-F8CCFDFC3F6A}.Debug|iPhone.Build.0 = Debug|Any CPU
		{4AB9CE3E-6E50-46A9-A963-F8CCFDFC3F6A}.Debug|iPhone.Deploy.0 = Debug|Any CPU
		{4AB9CE3E-6E50-46A9-A963-F8CCFDFC3F6A}.Debug|iPhoneSimulator.ActiveCfg = Debug|Any CPU
		{4AB9CE3E-6E50-46A9-A963-F8CCFDFC3F6A}.Debug|iPhoneSimulator.Build.0 = Debug|Any CPU
		{4AB9CE3E-6E50-46A9-A963-F8CCFDFC3F6A}.Debug|iPhoneSimulator.Deploy.0 = Debug|Any CPU
		{4AB9CE3E-6E50-46A9-A963-F8CCFDFC3F6A}.Debug|x64.ActiveCfg = Debug|Any CPU
		{4AB9CE3E-6E50-46A9-A963-F8CCFDFC3F6A}.Debug|x64.Build.0 = Debug|Any CPU
		{4AB9CE3E-6E50-46A9-A963-F8CCFDFC3F6A}.Debug|x64.Deploy.0 = Debug|Any CPU
		{4AB9CE3E-6E50-46A9-A963-F8CCFDFC3F6A}.Debug|x86.ActiveCfg = Debug|Any CPU
		{4AB9CE3E-6E50-46A9-A963-F8CCFDFC3F6A}.Debug|x86.Build.0 = Debug|Any CPU
		{4AB9CE3E-6E50-46A9-A963-F8CCFDFC3F6A}.Debug|x86.Deploy.0 = Debug|Any CPU
		{4AB9CE3E-6E50-46A9-A963-F8CCFDFC3F6A}.Release|Any CPU.ActiveCfg = Release|Any CPU
		{4AB9CE3E-6E50-46A9-A963-F8CCFDFC3F6A}.Release|Any CPU.Build.0 = Release|Any CPU
		{4AB9CE3E-6E50-46A9-A963-F8CCFDFC3F6A}.Release|Any CPU.Deploy.0 = Release|Any CPU
		{4AB9CE3E-6E50-46A9-A963-F8CCFDFC3F6A}.Release|ARM.ActiveCfg = Release|Any CPU
		{4AB9CE3E-6E50-46A9-A963-F8CCFDFC3F6A}.Release|ARM.Build.0 = Release|Any CPU
		{4AB9CE3E-6E50-46A9-A963-F8CCFDFC3F6A}.Release|ARM.Deploy.0 = Release|Any CPU
		{4AB9CE3E-6E50-46A9-A963-F8CCFDFC3F6A}.Release|iPhone.ActiveCfg = Release|Any CPU
		{4AB9CE3E-6E50-46A9-A963-F8CCFDFC3F6A}.Release|iPhone.Build.0 = Release|Any CPU
		{4AB9CE3E-6E50-46A9-A963-F8CCFDFC3F6A}.Release|iPhone.Deploy.0 = Release|Any CPU
		{4AB9CE3E-6E50-46A9-A963-F8CCFDFC3F6A}.Release|iPhoneSimulator.ActiveCfg = Release|Any CPU
		{4AB9CE3E-6E50-46A9-A963-F8CCFDFC3F6A}.Release|iPhoneSimulator.Build.0 = Release|Any CPU
		{4AB9CE3E-6E50-46A9-A963-F8CCFDFC3F6A}.Release|iPhoneSimulator.Deploy.0 = Release|Any CPU
		{4AB9CE3E-6E50-46A9-A963-F8CCFDFC3F6A}.Release|x64.ActiveCfg = Release|Any CPU
		{4AB9CE3E-6E50-46A9-A963-F8CCFDFC3F6A}.Release|x64.Build.0 = Release|Any CPU
		{4AB9CE3E-6E50-46A9-A963-F8CCFDFC3F6A}.Release|x64.Deploy.0 = Release|Any CPU
		{4AB9CE3E-6E50-46A9-A963-F8CCFDFC3F6A}.Release|x86.ActiveCfg = Release|Any CPU
		{4AB9CE3E-6E50-46A9-A963-F8CCFDFC3F6A}.Release|x86.Build.0 = Release|Any CPU
		{4AB9CE3E-6E50-46A9-A963-F8CCFDFC3F6A}.Release|x86.Deploy.0 = Release|Any CPU
		{74151F5A-1E14-4D9F-8F4B-549540B6986B}.Ad-Hoc|Any CPU.ActiveCfg = Ad-Hoc|iPhone
		{74151F5A-1E14-4D9F-8F4B-549540B6986B}.Ad-Hoc|Any CPU.Build.0 = Ad-Hoc|iPhone
		{74151F5A-1E14-4D9F-8F4B-549540B6986B}.Ad-Hoc|Any CPU.Deploy.0 = Ad-Hoc|iPhone
		{74151F5A-1E14-4D9F-8F4B-549540B6986B}.Ad-Hoc|ARM.ActiveCfg = Ad-Hoc|iPhone
		{74151F5A-1E14-4D9F-8F4B-549540B6986B}.Ad-Hoc|ARM.Build.0 = Ad-Hoc|iPhone
		{74151F5A-1E14-4D9F-8F4B-549540B6986B}.Ad-Hoc|ARM.Deploy.0 = Ad-Hoc|iPhone
		{74151F5A-1E14-4D9F-8F4B-549540B6986B}.Ad-Hoc|iPhone.ActiveCfg = Ad-Hoc|iPhone
		{74151F5A-1E14-4D9F-8F4B-549540B6986B}.Ad-Hoc|iPhone.Build.0 = Ad-Hoc|iPhone
		{74151F5A-1E14-4D9F-8F4B-549540B6986B}.Ad-Hoc|iPhone.Deploy.0 = Ad-Hoc|iPhone
		{74151F5A-1E14-4D9F-8F4B-549540B6986B}.Ad-Hoc|iPhoneSimulator.ActiveCfg = Ad-Hoc|iPhoneSimulator
		{74151F5A-1E14-4D9F-8F4B-549540B6986B}.Ad-Hoc|iPhoneSimulator.Build.0 = Ad-Hoc|iPhoneSimulator
		{74151F5A-1E14-4D9F-8F4B-549540B6986B}.Ad-Hoc|iPhoneSimulator.Deploy.0 = Ad-Hoc|iPhoneSimulator
		{74151F5A-1E14-4D9F-8F4B-549540B6986B}.Ad-Hoc|x64.ActiveCfg = Ad-Hoc|iPhone
		{74151F5A-1E14-4D9F-8F4B-549540B6986B}.Ad-Hoc|x64.Build.0 = Ad-Hoc|iPhone
		{74151F5A-1E14-4D9F-8F4B-549540B6986B}.Ad-Hoc|x64.Deploy.0 = Ad-Hoc|iPhone
		{74151F5A-1E14-4D9F-8F4B-549540B6986B}.Ad-Hoc|x86.ActiveCfg = Ad-Hoc|iPhone
		{74151F5A-1E14-4D9F-8F4B-549540B6986B}.Ad-Hoc|x86.Build.0 = Ad-Hoc|iPhone
		{74151F5A-1E14-4D9F-8F4B-549540B6986B}.Ad-Hoc|x86.Deploy.0 = Ad-Hoc|iPhone
		{74151F5A-1E14-4D9F-8F4B-549540B6986B}.AppStore|Any CPU.ActiveCfg = AppStore|iPhone
		{74151F5A-1E14-4D9F-8F4B-549540B6986B}.AppStore|Any CPU.Build.0 = AppStore|iPhone
		{74151F5A-1E14-4D9F-8F4B-549540B6986B}.AppStore|Any CPU.Deploy.0 = AppStore|iPhone
		{74151F5A-1E14-4D9F-8F4B-549540B6986B}.AppStore|ARM.ActiveCfg = AppStore|iPhone
		{74151F5A-1E14-4D9F-8F4B-549540B6986B}.AppStore|ARM.Build.0 = AppStore|iPhone
		{74151F5A-1E14-4D9F-8F4B-549540B6986B}.AppStore|ARM.Deploy.0 = AppStore|iPhone
		{74151F5A-1E14-4D9F-8F4B-549540B6986B}.AppStore|iPhone.ActiveCfg = AppStore|iPhone
		{74151F5A-1E14-4D9F-8F4B-549540B6986B}.AppStore|iPhone.Build.0 = AppStore|iPhone
		{74151F5A-1E14-4D9F-8F4B-549540B6986B}.AppStore|iPhone.Deploy.0 = AppStore|iPhone
		{74151F5A-1E14-4D9F-8F4B-549540B6986B}.AppStore|iPhoneSimulator.ActiveCfg = AppStore|iPhoneSimulator
		{74151F5A-1E14-4D9F-8F4B-549540B6986B}.AppStore|iPhoneSimulator.Build.0 = AppStore|iPhoneSimulator
		{74151F5A-1E14-4D9F-8F4B-549540B6986B}.AppStore|iPhoneSimulator.Deploy.0 = AppStore|iPhoneSimulator
		{74151F5A-1E14-4D9F-8F4B-549540B6986B}.AppStore|x64.ActiveCfg = AppStore|iPhone
		{74151F5A-1E14-4D9F-8F4B-549540B6986B}.AppStore|x64.Build.0 = AppStore|iPhone
		{74151F5A-1E14-4D9F-8F4B-549540B6986B}.AppStore|x64.Deploy.0 = AppStore|iPhone
		{74151F5A-1E14-4D9F-8F4B-549540B6986B}.AppStore|x86.ActiveCfg = AppStore|iPhone
		{74151F5A-1E14-4D9F-8F4B-549540B6986B}.AppStore|x86.Build.0 = AppStore|iPhone
		{74151F5A-1E14-4D9F-8F4B-549540B6986B}.AppStore|x86.Deploy.0 = AppStore|iPhone
		{74151F5A-1E14-4D9F-8F4B-549540B6986B}.Debug|Any CPU.ActiveCfg = Debug|iPhoneSimulator
		{74151F5A-1E14-4D9F-8F4B-549540B6986B}.Debug|Any CPU.Build.0 = Debug|iPhoneSimulator
		{74151F5A-1E14-4D9F-8F4B-549540B6986B}.Debug|Any CPU.Deploy.0 = Debug|iPhoneSimulator
		{74151F5A-1E14-4D9F-8F4B-549540B6986B}.Debug|ARM.ActiveCfg = Debug|iPhoneSimulator
		{74151F5A-1E14-4D9F-8F4B-549540B6986B}.Debug|ARM.Build.0 = Debug|iPhoneSimulator
		{74151F5A-1E14-4D9F-8F4B-549540B6986B}.Debug|ARM.Deploy.0 = Debug|iPhoneSimulator
		{74151F5A-1E14-4D9F-8F4B-549540B6986B}.Debug|iPhone.ActiveCfg = Debug|iPhoneSimulator
		{74151F5A-1E14-4D9F-8F4B-549540B6986B}.Debug|iPhone.Build.0 = Debug|iPhoneSimulator
		{74151F5A-1E14-4D9F-8F4B-549540B6986B}.Debug|iPhone.Deploy.0 = Debug|iPhoneSimulator
		{74151F5A-1E14-4D9F-8F4B-549540B6986B}.Debug|iPhoneSimulator.ActiveCfg = Debug|iPhoneSimulator
		{74151F5A-1E14-4D9F-8F4B-549540B6986B}.Debug|iPhoneSimulator.Build.0 = Debug|iPhoneSimulator
		{74151F5A-1E14-4D9F-8F4B-549540B6986B}.Debug|iPhoneSimulator.Deploy.0 = Debug|iPhoneSimulator
		{74151F5A-1E14-4D9F-8F4B-549540B6986B}.Debug|x64.ActiveCfg = Debug|iPhoneSimulator
		{74151F5A-1E14-4D9F-8F4B-549540B6986B}.Debug|x64.Build.0 = Debug|iPhoneSimulator
		{74151F5A-1E14-4D9F-8F4B-549540B6986B}.Debug|x64.Deploy.0 = Debug|iPhoneSimulator
		{74151F5A-1E14-4D9F-8F4B-549540B6986B}.Debug|x86.ActiveCfg = Debug|iPhoneSimulator
		{74151F5A-1E14-4D9F-8F4B-549540B6986B}.Debug|x86.Build.0 = Debug|iPhoneSimulator
		{74151F5A-1E14-4D9F-8F4B-549540B6986B}.Debug|x86.Deploy.0 = Debug|iPhoneSimulator
		{74151F5A-1E14-4D9F-8F4B-549540B6986B}.Release|Any CPU.ActiveCfg = Release|iPhone
		{74151F5A-1E14-4D9F-8F4B-549540B6986B}.Release|Any CPU.Build.0 = Release|iPhone
		{74151F5A-1E14-4D9F-8F4B-549540B6986B}.Release|Any CPU.Deploy.0 = Release|iPhone
		{74151F5A-1E14-4D9F-8F4B-549540B6986B}.Release|ARM.ActiveCfg = Release|iPhone
		{74151F5A-1E14-4D9F-8F4B-549540B6986B}.Release|ARM.Build.0 = Release|iPhone
		{74151F5A-1E14-4D9F-8F4B-549540B6986B}.Release|ARM.Deploy.0 = Release|iPhone
		{74151F5A-1E14-4D9F-8F4B-549540B6986B}.Release|iPhone.ActiveCfg = Release|iPhone
		{74151F5A-1E14-4D9F-8F4B-549540B6986B}.Release|iPhone.Build.0 = Release|iPhone
		{74151F5A-1E14-4D9F-8F4B-549540B6986B}.Release|iPhone.Deploy.0 = Release|iPhone
		{74151F5A-1E14-4D9F-8F4B-549540B6986B}.Release|iPhoneSimulator.ActiveCfg = Release|iPhoneSimulator
		{74151F5A-1E14-4D9F-8F4B-549540B6986B}.Release|iPhoneSimulator.Build.0 = Release|iPhoneSimulator
		{74151F5A-1E14-4D9F-8F4B-549540B6986B}.Release|iPhoneSimulator.Deploy.0 = Release|iPhoneSimulator
		{74151F5A-1E14-4D9F-8F4B-549540B6986B}.Release|x64.ActiveCfg = Release|iPhone
		{74151F5A-1E14-4D9F-8F4B-549540B6986B}.Release|x64.Build.0 = Release|iPhone
		{74151F5A-1E14-4D9F-8F4B-549540B6986B}.Release|x64.Deploy.0 = Release|iPhone
		{74151F5A-1E14-4D9F-8F4B-549540B6986B}.Release|x86.ActiveCfg = Release|iPhone
		{74151F5A-1E14-4D9F-8F4B-549540B6986B}.Release|x86.Build.0 = Release|iPhone
		{74151F5A-1E14-4D9F-8F4B-549540B6986B}.Release|x86.Deploy.0 = Release|iPhone
		{EF2454FF-EACA-4FAD-AF7F-BF8E390E8930}.Ad-Hoc|Any CPU.ActiveCfg = Release|x86
		{EF2454FF-EACA-4FAD-AF7F-BF8E390E8930}.Ad-Hoc|Any CPU.Build.0 = Release|x86
		{EF2454FF-EACA-4FAD-AF7F-BF8E390E8930}.Ad-Hoc|Any CPU.Deploy.0 = Release|x86
		{EF2454FF-EACA-4FAD-AF7F-BF8E390E8930}.Ad-Hoc|ARM.ActiveCfg = Release|ARM
		{EF2454FF-EACA-4FAD-AF7F-BF8E390E8930}.Ad-Hoc|ARM.Build.0 = Release|ARM
		{EF2454FF-EACA-4FAD-AF7F-BF8E390E8930}.Ad-Hoc|ARM.Deploy.0 = Release|ARM
		{EF2454FF-EACA-4FAD-AF7F-BF8E390E8930}.Ad-Hoc|iPhone.ActiveCfg = Release|x86
		{EF2454FF-EACA-4FAD-AF7F-BF8E390E8930}.Ad-Hoc|iPhone.Build.0 = Release|x86
		{EF2454FF-EACA-4FAD-AF7F-BF8E390E8930}.Ad-Hoc|iPhone.Deploy.0 = Release|x86
		{EF2454FF-EACA-4FAD-AF7F-BF8E390E8930}.Ad-Hoc|iPhoneSimulator.ActiveCfg = Release|x86
		{EF2454FF-EACA-4FAD-AF7F-BF8E390E8930}.Ad-Hoc|iPhoneSimulator.Build.0 = Release|x86
		{EF2454FF-EACA-4FAD-AF7F-BF8E390E8930}.Ad-Hoc|iPhoneSimulator.Deploy.0 = Release|x86
		{EF2454FF-EACA-4FAD-AF7F-BF8E390E8930}.Ad-Hoc|x64.ActiveCfg = Release|x64
		{EF2454FF-EACA-4FAD-AF7F-BF8E390E8930}.Ad-Hoc|x64.Build.0 = Release|x64
		{EF2454FF-EACA-4FAD-AF7F-BF8E390E8930}.Ad-Hoc|x64.Deploy.0 = Release|x64
		{EF2454FF-EACA-4FAD-AF7F-BF8E390E8930}.Ad-Hoc|x86.ActiveCfg = Release|x86
		{EF2454FF-EACA-4FAD-AF7F-BF8E390E8930}.Ad-Hoc|x86.Build.0 = Release|x86
		{EF2454FF-EACA-4FAD-AF7F-BF8E390E8930}.Ad-Hoc|x86.Deploy.0 = Release|x86
		{EF2454FF-EACA-4FAD-AF7F-BF8E390E8930}.AppStore|Any CPU.ActiveCfg = Release|x86
		{EF2454FF-EACA-4FAD-AF7F-BF8E390E8930}.AppStore|Any CPU.Build.0 = Release|x86
		{EF2454FF-EACA-4FAD-AF7F-BF8E390E8930}.AppStore|Any CPU.Deploy.0 = Release|x86
		{EF2454FF-EACA-4FAD-AF7F-BF8E390E8930}.AppStore|ARM.ActiveCfg = Release|ARM
		{EF2454FF-EACA-4FAD-AF7F-BF8E390E8930}.AppStore|ARM.Build.0 = Release|ARM
		{EF2454FF-EACA-4FAD-AF7F-BF8E390E8930}.AppStore|ARM.Deploy.0 = Release|ARM
		{EF2454FF-EACA-4FAD-AF7F-BF8E390E8930}.AppStore|iPhone.ActiveCfg = Release|x86
		{EF2454FF-EACA-4FAD-AF7F-BF8E390E8930}.AppStore|iPhone.Build.0 = Release|x86
		{EF2454FF-EACA-4FAD-AF7F-BF8E390E8930}.AppStore|iPhone.Deploy.0 = Release|x86
		{EF2454FF-EACA-4FAD-AF7F-BF8E390E8930}.AppStore|iPhoneSimulator.ActiveCfg = Release|x86
		{EF2454FF-EACA-4FAD-AF7F-BF8E390E8930}.AppStore|iPhoneSimulator.Build.0 = Release|x86
		{EF2454FF-EACA-4FAD-AF7F-BF8E390E8930}.AppStore|iPhoneSimulator.Deploy.0 = Release|x86
		{EF2454FF-EACA-4FAD-AF7F-BF8E390E8930}.AppStore|x64.ActiveCfg = Release|x64
		{EF2454FF-EACA-4FAD-AF7F-BF8E390E8930}.AppStore|x64.Build.0 = Release|x64
		{EF2454FF-EACA-4FAD-AF7F-BF8E390E8930}.AppStore|x64.Deploy.0 = Release|x64
		{EF2454FF-EACA-4FAD-AF7F-BF8E390E8930}.AppStore|x86.ActiveCfg = Release|x86
		{EF2454FF-EACA-4FAD-AF7F-BF8E390E8930}.AppStore|x86.Build.0 = Release|x86
		{EF2454FF-EACA-4FAD-AF7F-BF8E390E8930}.AppStore|x86.Deploy.0 = Release|x86
		{EF2454FF-EACA-4FAD-AF7F-BF8E390E8930}.Debug|Any CPU.ActiveCfg = Debug|x86
		{EF2454FF-EACA-4FAD-AF7F-BF8E390E8930}.Debug|Any CPU.Build.0 = Debug|x86
		{EF2454FF-EACA-4FAD-AF7F-BF8E390E8930}.Debug|Any CPU.Deploy.0 = Debug|x86
		{EF2454FF-EACA-4FAD-AF7F-BF8E390E8930}.Debug|ARM.ActiveCfg = Debug|x86
		{EF2454FF-EACA-4FAD-AF7F-BF8E390E8930}.Debug|ARM.Build.0 = Debug|x86
		{EF2454FF-EACA-4FAD-AF7F-BF8E390E8930}.Debug|ARM.Deploy.0 = Debug|x86
		{EF2454FF-EACA-4FAD-AF7F-BF8E390E8930}.Debug|iPhone.ActiveCfg = Debug|x86
		{EF2454FF-EACA-4FAD-AF7F-BF8E390E8930}.Debug|iPhone.Build.0 = Debug|x86
		{EF2454FF-EACA-4FAD-AF7F-BF8E390E8930}.Debug|iPhone.Deploy.0 = Debug|x86
		{EF2454FF-EACA-4FAD-AF7F-BF8E390E8930}.Debug|iPhoneSimulator.ActiveCfg = Debug|x86
		{EF2454FF-EACA-4FAD-AF7F-BF8E390E8930}.Debug|iPhoneSimulator.Build.0 = Debug|x86
		{EF2454FF-EACA-4FAD-AF7F-BF8E390E8930}.Debug|iPhoneSimulator.Deploy.0 = Debug|x86
		{EF2454FF-EACA-4FAD-AF7F-BF8E390E8930}.Debug|x64.ActiveCfg = Debug|x86
		{EF2454FF-EACA-4FAD-AF7F-BF8E390E8930}.Debug|x64.Build.0 = Debug|x86
		{EF2454FF-EACA-4FAD-AF7F-BF8E390E8930}.Debug|x64.Deploy.0 = Debug|x86
		{EF2454FF-EACA-4FAD-AF7F-BF8E390E8930}.Debug|x86.ActiveCfg = Debug|x86
		{EF2454FF-EACA-4FAD-AF7F-BF8E390E8930}.Debug|x86.Build.0 = Debug|x86
		{EF2454FF-EACA-4FAD-AF7F-BF8E390E8930}.Debug|x86.Deploy.0 = Debug|x86
		{EF2454FF-EACA-4FAD-AF7F-BF8E390E8930}.Release|Any CPU.ActiveCfg = Release|x86
		{EF2454FF-EACA-4FAD-AF7F-BF8E390E8930}.Release|Any CPU.Build.0 = Release|x86
		{EF2454FF-EACA-4FAD-AF7F-BF8E390E8930}.Release|Any CPU.Deploy.0 = Release|x86
		{EF2454FF-EACA-4FAD-AF7F-BF8E390E8930}.Release|ARM.ActiveCfg = Release|ARM
		{EF2454FF-EACA-4FAD-AF7F-BF8E390E8930}.Release|ARM.Build.0 = Release|ARM
		{EF2454FF-EACA-4FAD-AF7F-BF8E390E8930}.Release|ARM.Deploy.0 = Release|ARM
		{EF2454FF-EACA-4FAD-AF7F-BF8E390E8930}.Release|iPhone.ActiveCfg = Release|x86
		{EF2454FF-EACA-4FAD-AF7F-BF8E390E8930}.Release|iPhone.Build.0 = Release|x86
		{EF2454FF-EACA-4FAD-AF7F-BF8E390E8930}.Release|iPhone.Deploy.0 = Release|x86
		{EF2454FF-EACA-4FAD-AF7F-BF8E390E8930}.Release|iPhoneSimulator.ActiveCfg = Release|x86
		{EF2454FF-EACA-4FAD-AF7F-BF8E390E8930}.Release|iPhoneSimulator.Build.0 = Release|x86
		{EF2454FF-EACA-4FAD-AF7F-BF8E390E8930}.Release|iPhoneSimulator.Deploy.0 = Release|x86
		{EF2454FF-EACA-4FAD-AF7F-BF8E390E8930}.Release|x64.ActiveCfg = Release|x64
		{EF2454FF-EACA-4FAD-AF7F-BF8E390E8930}.Release|x64.Build.0 = Release|x64
		{EF2454FF-EACA-4FAD-AF7F-BF8E390E8930}.Release|x64.Deploy.0 = Release|x64
		{EF2454FF-EACA-4FAD-AF7F-BF8E390E8930}.Release|x86.ActiveCfg = Release|x86
		{EF2454FF-EACA-4FAD-AF7F-BF8E390E8930}.Release|x86.Build.0 = Release|x86
		{EF2454FF-EACA-4FAD-AF7F-BF8E390E8930}.Release|x86.Deploy.0 = Release|x86
		{142FA802-115C-4955-85A5-61CAF57D60D9}.Ad-Hoc|Any CPU.ActiveCfg = Debug|Any CPU
		{142FA802-115C-4955-85A5-61CAF57D60D9}.Ad-Hoc|Any CPU.Build.0 = Debug|Any CPU
		{142FA802-115C-4955-85A5-61CAF57D60D9}.Ad-Hoc|Any CPU.Deploy.0 = Debug|Any CPU
		{142FA802-115C-4955-85A5-61CAF57D60D9}.Ad-Hoc|ARM.ActiveCfg = Debug|Any CPU
		{142FA802-115C-4955-85A5-61CAF57D60D9}.Ad-Hoc|ARM.Build.0 = Debug|Any CPU
		{142FA802-115C-4955-85A5-61CAF57D60D9}.Ad-Hoc|ARM.Deploy.0 = Debug|Any CPU
		{142FA802-115C-4955-85A5-61CAF57D60D9}.Ad-Hoc|iPhone.ActiveCfg = Debug|Any CPU
		{142FA802-115C-4955-85A5-61CAF57D60D9}.Ad-Hoc|iPhone.Build.0 = Debug|Any CPU
		{142FA802-115C-4955-85A5-61CAF57D60D9}.Ad-Hoc|iPhone.Deploy.0 = Debug|Any CPU
		{142FA802-115C-4955-85A5-61CAF57D60D9}.Ad-Hoc|iPhoneSimulator.ActiveCfg = Debug|Any CPU
		{142FA802-115C-4955-85A5-61CAF57D60D9}.Ad-Hoc|iPhoneSimulator.Build.0 = Debug|Any CPU
		{142FA802-115C-4955-85A5-61CAF57D60D9}.Ad-Hoc|iPhoneSimulator.Deploy.0 = Debug|Any CPU
		{142FA802-115C-4955-85A5-61CAF57D60D9}.Ad-Hoc|x64.ActiveCfg = Debug|Any CPU
		{142FA802-115C-4955-85A5-61CAF57D60D9}.Ad-Hoc|x64.Build.0 = Debug|Any CPU
		{142FA802-115C-4955-85A5-61CAF57D60D9}.Ad-Hoc|x64.Deploy.0 = Debug|Any CPU
		{142FA802-115C-4955-85A5-61CAF57D60D9}.Ad-Hoc|x86.ActiveCfg = Debug|Any CPU
		{142FA802-115C-4955-85A5-61CAF57D60D9}.Ad-Hoc|x86.Build.0 = Debug|Any CPU
		{142FA802-115C-4955-85A5-61CAF57D60D9}.Ad-Hoc|x86.Deploy.0 = Debug|Any CPU
		{142FA802-115C-4955-85A5-61CAF57D60D9}.AppStore|Any CPU.ActiveCfg = Debug|Any CPU
		{142FA802-115C-4955-85A5-61CAF57D60D9}.AppStore|Any CPU.Build.0 = Debug|Any CPU
		{142FA802-115C-4955-85A5-61CAF57D60D9}.AppStore|Any CPU.Deploy.0 = Debug|Any CPU
		{142FA802-115C-4955-85A5-61CAF57D60D9}.AppStore|ARM.ActiveCfg = Debug|Any CPU
		{142FA802-115C-4955-85A5-61CAF57D60D9}.AppStore|ARM.Build.0 = Debug|Any CPU
		{142FA802-115C-4955-85A5-61CAF57D60D9}.AppStore|ARM.Deploy.0 = Debug|Any CPU
		{142FA802-115C-4955-85A5-61CAF57D60D9}.AppStore|iPhone.ActiveCfg = Debug|Any CPU
		{142FA802-115C-4955-85A5-61CAF57D60D9}.AppStore|iPhone.Build.0 = Debug|Any CPU
		{142FA802-115C-4955-85A5-61CAF57D60D9}.AppStore|iPhone.Deploy.0 = Debug|Any CPU
		{142FA802-115C-4955-85A5-61CAF57D60D9}.AppStore|iPhoneSimulator.ActiveCfg = Debug|Any CPU
		{142FA802-115C-4955-85A5-61CAF57D60D9}.AppStore|iPhoneSimulator.Build.0 = Debug|Any CPU
		{142FA802-115C-4955-85A5-61CAF57D60D9}.AppStore|iPhoneSimulator.Deploy.0 = Debug|Any CPU
		{142FA802-115C-4955-85A5-61CAF57D60D9}.AppStore|x64.ActiveCfg = Debug|Any CPU
		{142FA802-115C-4955-85A5-61CAF57D60D9}.AppStore|x64.Build.0 = Debug|Any CPU
		{142FA802-115C-4955-85A5-61CAF57D60D9}.AppStore|x64.Deploy.0 = Debug|Any CPU
		{142FA802-115C-4955-85A5-61CAF57D60D9}.AppStore|x86.ActiveCfg = Debug|Any CPU
		{142FA802-115C-4955-85A5-61CAF57D60D9}.AppStore|x86.Build.0 = Debug|Any CPU
		{142FA802-115C-4955-85A5-61CAF57D60D9}.AppStore|x86.Deploy.0 = Debug|Any CPU
		{142FA802-115C-4955-85A5-61CAF57D60D9}.Debug|Any CPU.ActiveCfg = Debug|Any CPU
		{142FA802-115C-4955-85A5-61CAF57D60D9}.Debug|Any CPU.Build.0 = Debug|Any CPU
		{142FA802-115C-4955-85A5-61CAF57D60D9}.Debug|Any CPU.Deploy.0 = Debug|Any CPU
		{142FA802-115C-4955-85A5-61CAF57D60D9}.Debug|ARM.ActiveCfg = Debug|Any CPU
		{142FA802-115C-4955-85A5-61CAF57D60D9}.Debug|ARM.Build.0 = Debug|Any CPU
		{142FA802-115C-4955-85A5-61CAF57D60D9}.Debug|ARM.Deploy.0 = Debug|Any CPU
		{142FA802-115C-4955-85A5-61CAF57D60D9}.Debug|iPhone.ActiveCfg = Debug|Any CPU
		{142FA802-115C-4955-85A5-61CAF57D60D9}.Debug|iPhone.Build.0 = Debug|Any CPU
		{142FA802-115C-4955-85A5-61CAF57D60D9}.Debug|iPhone.Deploy.0 = Debug|Any CPU
		{142FA802-115C-4955-85A5-61CAF57D60D9}.Debug|iPhoneSimulator.ActiveCfg = Debug|Any CPU
		{142FA802-115C-4955-85A5-61CAF57D60D9}.Debug|iPhoneSimulator.Build.0 = Debug|Any CPU
		{142FA802-115C-4955-85A5-61CAF57D60D9}.Debug|iPhoneSimulator.Deploy.0 = Debug|Any CPU
		{142FA802-115C-4955-85A5-61CAF57D60D9}.Debug|x64.ActiveCfg = Debug|Any CPU
		{142FA802-115C-4955-85A5-61CAF57D60D9}.Debug|x64.Build.0 = Debug|Any CPU
		{142FA802-115C-4955-85A5-61CAF57D60D9}.Debug|x64.Deploy.0 = Debug|Any CPU
		{142FA802-115C-4955-85A5-61CAF57D60D9}.Debug|x86.ActiveCfg = Debug|Any CPU
		{142FA802-115C-4955-85A5-61CAF57D60D9}.Debug|x86.Build.0 = Debug|Any CPU
		{142FA802-115C-4955-85A5-61CAF57D60D9}.Debug|x86.Deploy.0 = Debug|Any CPU
		{142FA802-115C-4955-85A5-61CAF57D60D9}.Release|Any CPU.ActiveCfg = Release|Any CPU
		{142FA802-115C-4955-85A5-61CAF57D60D9}.Release|Any CPU.Build.0 = Release|Any CPU
		{142FA802-115C-4955-85A5-61CAF57D60D9}.Release|Any CPU.Deploy.0 = Release|Any CPU
		{142FA802-115C-4955-85A5-61CAF57D60D9}.Release|ARM.ActiveCfg = Release|Any CPU
		{142FA802-115C-4955-85A5-61CAF57D60D9}.Release|ARM.Build.0 = Release|Any CPU
		{142FA802-115C-4955-85A5-61CAF57D60D9}.Release|ARM.Deploy.0 = Release|Any CPU
		{142FA802-115C-4955-85A5-61CAF57D60D9}.Release|iPhone.ActiveCfg = Release|Any CPU
		{142FA802-115C-4955-85A5-61CAF57D60D9}.Release|iPhone.Build.0 = Release|Any CPU
		{142FA802-115C-4955-85A5-61CAF57D60D9}.Release|iPhone.Deploy.0 = Release|Any CPU
		{142FA802-115C-4955-85A5-61CAF57D60D9}.Release|iPhoneSimulator.ActiveCfg = Release|Any CPU
		{142FA802-115C-4955-85A5-61CAF57D60D9}.Release|iPhoneSimulator.Build.0 = Release|Any CPU
		{142FA802-115C-4955-85A5-61CAF57D60D9}.Release|iPhoneSimulator.Deploy.0 = Release|Any CPU
		{142FA802-115C-4955-85A5-61CAF57D60D9}.Release|x64.ActiveCfg = Release|Any CPU
		{142FA802-115C-4955-85A5-61CAF57D60D9}.Release|x64.Build.0 = Release|Any CPU
		{142FA802-115C-4955-85A5-61CAF57D60D9}.Release|x64.Deploy.0 = Release|Any CPU
		{142FA802-115C-4955-85A5-61CAF57D60D9}.Release|x86.ActiveCfg = Release|Any CPU
		{142FA802-115C-4955-85A5-61CAF57D60D9}.Release|x86.Build.0 = Release|Any CPU
		{142FA802-115C-4955-85A5-61CAF57D60D9}.Release|x86.Deploy.0 = Release|Any CPU
	EndGlobalSection
	GlobalSection(SolutionProperties) = preSolution
		HideSolutionNode = FALSE
	EndGlobalSection
	GlobalSection(ExtensibilityGlobals) = postSolution
		SolutionGuid = {C2412969-8364-4D0B-8F24-BAF0F6FF3F8E}
	EndGlobalSection
EndGlobal
