
Microsoft Visual Studio Solution File, Format Version 12.00
# Visual Studio Version 16
VisualStudioVersion = 16.0.29613.14
MinimumVisualStudioVersion = 10.0.40219.1
Project("{2150E333-8FDC-42A3-9474-1A3956D46DE8}") = "Solution Items", "Solution Items", "{857A6774-6F49-4220-AC55-D53D60FCCB3B}"
	ProjectSection(SolutionItems) = preProject
		.gitattributes = .gitattributes
		.gitignore = .gitignore
		.travis.yml = .travis.yml
		appveyor.yml = appveyor.yml
		NuGet.Config = NuGet.Config
		nuget\Opc.Ua.nuspec = nuget\Opc.Ua.nuspec
		nuget\Opc.Ua.Symbols.nuspec = nuget\Opc.Ua.Symbols.nuspec
		README.md = README.md
	EndProjectSection
EndProject
Project("{9A19103F-16F7-4668-BE54-9A1E7A4F7556}") = "Opc.Ua.Core", "OpcUa\Artc.Harmony.UaCore\Opc.Ua.Core.csproj", "{CFEA7C38-41FE-496D-B6C7-1EB57A6A8115}"
EndProject
Project("{9A19103F-16F7-4668-BE54-9A1E7A4F7556}") = "Opc.Ua.Configuration", "OpcUa\Artc.Harmony.UaClientConfiguration\Opc.Ua.Configuration.csproj", "{A453FFC4-B6E3-4D29-9ADF-74683070B3E7}"
EndProject
Project("{9A19103F-16F7-4668-BE54-9A1E7A4F7556}") = "Opc.Ua.Server", "OpcUa\Artc.Harmony.UaClientServer\Opc.Ua.Server.csproj", "{78EC832B-4F8C-40F5-A9CF-0981C31194A1}"
EndProject
Project("{9A19103F-16F7-4668-BE54-9A1E7A4F7556}") = "Opc.Ua.Client", "OpcUa\Artc.Harmony.UaClient\Opc.Ua.Client.csproj", "{6898ABC3-A762-4748-8F3E-FE1E1BE459ED}"
EndProject
Project("{FAE04EC0-301F-11D3-BF4B-00C04F79EFBC}") = "UA Client Controls", "OpcUa\Artc.Harmony.UaClientControls\UA Client Controls.csproj", "{A247D2EE-14FC-463D-A9BA-6CFF1EF22B7A}"
EndProject
Project("{9A19103F-16F7-4668-BE54-9A1E7A4F7556}") = "Opc.Ua.Sample", "OpcUa\Artc.Harmony.UaClientSample\Opc.Ua.Sample.csproj", "{EFCB6EA9-0CFE-4D79-B1B3-E7D7A5A16DC3}"
EndProject
Project("{FAE04EC0-301F-11D3-BF4B-00C04F79EFBC}") = "UA Sample Controls", "OpcUa\Artc.Harmony.UaSampleControls\UA Sample Controls.csproj", "{92AE819B-4938-4502-AC32-67063F9893CD}"
EndProject
Project("{9A19103F-16F7-4668-BE54-9A1E7A4F7556}") = "Opc.Ua.ServiceLogic", "OpcUa\Artc.Harmony.UaServiceLogic\Opc.Ua.ServiceLogic.csproj", "{CCC1F400-917F-4F6E-A4BB-DF008C18A98D}"
EndProject
Project("{FAE04EC0-301F-11D3-BF4B-00C04F79EFBC}") = "Opc.Ua.WCFInterface", "OpcUa\Artc.Harmony.UaWCFInterface\Opc.Ua.WCFInterface.csproj", "{443289BA-C188-41F3-A552-A9A7715BAA49}"
EndProject
Project("{FAE04EC0-301F-11D3-BF4B-00C04F79EFBC}") = "Opc.Ua.WindowsService", "OpcUa\Artc.Harmony.UaWindowsService\Opc.Ua.WindowsService.csproj", "{1C21376B-D7AE-4F19-9210-F87296C23FBE}"
EndProject
Project("{FAE04EC0-301F-11D3-BF4B-00C04F79EFBC}") = "Opc.EdgeClient", "OpcUa\Artc.Harmony.UaEdgeClient\Opc.EdgeClient.csproj", "{34FC924D-9ACA-4E64-A409-2CE4150FAD31}"
EndProject
Global
	GlobalSection(SolutionConfigurationPlatforms) = preSolution
		Debug|Any CPU = Debug|Any CPU
		Debug|x64 = Debug|x64
		Debug|x86 = Debug|x86
		Release|Any CPU = Release|Any CPU
		Release|x64 = Release|x64
		Release|x86 = Release|x86
	EndGlobalSection
	GlobalSection(ProjectConfigurationPlatforms) = postSolution
		{CFEA7C38-41FE-496D-B6C7-1EB57A6A8115}.Debug|Any CPU.ActiveCfg = Debug|Any CPU
		{CFEA7C38-41FE-496D-B6C7-1EB57A6A8115}.Debug|Any CPU.Build.0 = Debug|Any CPU
		{CFEA7C38-41FE-496D-B6C7-1EB57A6A8115}.Debug|x64.ActiveCfg = Debug|Any CPU
		{CFEA7C38-41FE-496D-B6C7-1EB57A6A8115}.Debug|x64.Build.0 = Debug|Any CPU
		{CFEA7C38-41FE-496D-B6C7-1EB57A6A8115}.Debug|x86.ActiveCfg = Debug|Any CPU
		{CFEA7C38-41FE-496D-B6C7-1EB57A6A8115}.Debug|x86.Build.0 = Debug|Any CPU
		{CFEA7C38-41FE-496D-B6C7-1EB57A6A8115}.Release|Any CPU.ActiveCfg = Release|Any CPU
		{CFEA7C38-41FE-496D-B6C7-1EB57A6A8115}.Release|Any CPU.Build.0 = Release|Any CPU
		{CFEA7C38-41FE-496D-B6C7-1EB57A6A8115}.Release|x64.ActiveCfg = Release|Any CPU
		{CFEA7C38-41FE-496D-B6C7-1EB57A6A8115}.Release|x64.Build.0 = Release|Any CPU
		{CFEA7C38-41FE-496D-B6C7-1EB57A6A8115}.Release|x86.ActiveCfg = Release|Any CPU
		{CFEA7C38-41FE-496D-B6C7-1EB57A6A8115}.Release|x86.Build.0 = Release|Any CPU
		{A453FFC4-B6E3-4D29-9ADF-74683070B3E7}.Debug|Any CPU.ActiveCfg = Debug|Any CPU
		{A453FFC4-B6E3-4D29-9ADF-74683070B3E7}.Debug|Any CPU.Build.0 = Debug|Any CPU
		{A453FFC4-B6E3-4D29-9ADF-74683070B3E7}.Debug|x64.ActiveCfg = Debug|Any CPU
		{A453FFC4-B6E3-4D29-9ADF-74683070B3E7}.Debug|x64.Build.0 = Debug|Any CPU
		{A453FFC4-B6E3-4D29-9ADF-74683070B3E7}.Debug|x86.ActiveCfg = Debug|Any CPU
		{A453FFC4-B6E3-4D29-9ADF-74683070B3E7}.Debug|x86.Build.0 = Debug|Any CPU
		{A453FFC4-B6E3-4D29-9ADF-74683070B3E7}.Release|Any CPU.ActiveCfg = Release|Any CPU
		{A453FFC4-B6E3-4D29-9ADF-74683070B3E7}.Release|Any CPU.Build.0 = Release|Any CPU
		{A453FFC4-B6E3-4D29-9ADF-74683070B3E7}.Release|x64.ActiveCfg = Release|Any CPU
		{A453FFC4-B6E3-4D29-9ADF-74683070B3E7}.Release|x64.Build.0 = Release|Any CPU
		{A453FFC4-B6E3-4D29-9ADF-74683070B3E7}.Release|x86.ActiveCfg = Release|Any CPU
		{A453FFC4-B6E3-4D29-9ADF-74683070B3E7}.Release|x86.Build.0 = Release|Any CPU
		{78EC832B-4F8C-40F5-A9CF-0981C31194A1}.Debug|Any CPU.ActiveCfg = Debug|Any CPU
		{78EC832B-4F8C-40F5-A9CF-0981C31194A1}.Debug|Any CPU.Build.0 = Debug|Any CPU
		{78EC832B-4F8C-40F5-A9CF-0981C31194A1}.Debug|x64.ActiveCfg = Debug|Any CPU
		{78EC832B-4F8C-40F5-A9CF-0981C31194A1}.Debug|x64.Build.0 = Debug|Any CPU
		{78EC832B-4F8C-40F5-A9CF-0981C31194A1}.Debug|x86.ActiveCfg = Debug|Any CPU
		{78EC832B-4F8C-40F5-A9CF-0981C31194A1}.Debug|x86.Build.0 = Debug|Any CPU
		{78EC832B-4F8C-40F5-A9CF-0981C31194A1}.Release|Any CPU.ActiveCfg = Release|Any CPU
		{78EC832B-4F8C-40F5-A9CF-0981C31194A1}.Release|Any CPU.Build.0 = Release|Any CPU
		{78EC832B-4F8C-40F5-A9CF-0981C31194A1}.Release|x64.ActiveCfg = Release|Any CPU
		{78EC832B-4F8C-40F5-A9CF-0981C31194A1}.Release|x64.Build.0 = Release|Any CPU
		{78EC832B-4F8C-40F5-A9CF-0981C31194A1}.Release|x86.ActiveCfg = Release|Any CPU
		{78EC832B-4F8C-40F5-A9CF-0981C31194A1}.Release|x86.Build.0 = Release|Any CPU
		{6898ABC3-A762-4748-8F3E-FE1E1BE459ED}.Debug|Any CPU.ActiveCfg = Debug|Any CPU
		{6898ABC3-A762-4748-8F3E-FE1E1BE459ED}.Debug|Any CPU.Build.0 = Debug|Any CPU
		{6898ABC3-A762-4748-8F3E-FE1E1BE459ED}.Debug|x64.ActiveCfg = Debug|Any CPU
		{6898ABC3-A762-4748-8F3E-FE1E1BE459ED}.Debug|x64.Build.0 = Debug|Any CPU
		{6898ABC3-A762-4748-8F3E-FE1E1BE459ED}.Debug|x86.ActiveCfg = Debug|Any CPU
		{6898ABC3-A762-4748-8F3E-FE1E1BE459ED}.Debug|x86.Build.0 = Debug|Any CPU
		{6898ABC3-A762-4748-8F3E-FE1E1BE459ED}.Release|Any CPU.ActiveCfg = Release|Any CPU
		{6898ABC3-A762-4748-8F3E-FE1E1BE459ED}.Release|Any CPU.Build.0 = Release|Any CPU
		{6898ABC3-A762-4748-8F3E-FE1E1BE459ED}.Release|x64.ActiveCfg = Release|Any CPU
		{6898ABC3-A762-4748-8F3E-FE1E1BE459ED}.Release|x64.Build.0 = Release|Any CPU
		{6898ABC3-A762-4748-8F3E-FE1E1BE459ED}.Release|x86.ActiveCfg = Release|Any CPU
		{6898ABC3-A762-4748-8F3E-FE1E1BE459ED}.Release|x86.Build.0 = Release|Any CPU
		{A247D2EE-14FC-463D-A9BA-6CFF1EF22B7A}.Debug|Any CPU.ActiveCfg = Debug|Any CPU
		{A247D2EE-14FC-463D-A9BA-6CFF1EF22B7A}.Debug|Any CPU.Build.0 = Debug|Any CPU
		{A247D2EE-14FC-463D-A9BA-6CFF1EF22B7A}.Debug|x64.ActiveCfg = Debug|Any CPU
		{A247D2EE-14FC-463D-A9BA-6CFF1EF22B7A}.Debug|x64.Build.0 = Debug|Any CPU
		{A247D2EE-14FC-463D-A9BA-6CFF1EF22B7A}.Debug|x86.ActiveCfg = Debug|Any CPU
		{A247D2EE-14FC-463D-A9BA-6CFF1EF22B7A}.Debug|x86.Build.0 = Debug|Any CPU
		{A247D2EE-14FC-463D-A9BA-6CFF1EF22B7A}.Release|Any CPU.ActiveCfg = Release|Any CPU
		{A247D2EE-14FC-463D-A9BA-6CFF1EF22B7A}.Release|Any CPU.Build.0 = Release|Any CPU
		{A247D2EE-14FC-463D-A9BA-6CFF1EF22B7A}.Release|x64.ActiveCfg = Release|Any CPU
		{A247D2EE-14FC-463D-A9BA-6CFF1EF22B7A}.Release|x64.Build.0 = Release|Any CPU
		{A247D2EE-14FC-463D-A9BA-6CFF1EF22B7A}.Release|x86.ActiveCfg = Release|Any CPU
		{A247D2EE-14FC-463D-A9BA-6CFF1EF22B7A}.Release|x86.Build.0 = Release|Any CPU
		{EFCB6EA9-0CFE-4D79-B1B3-E7D7A5A16DC3}.Debug|Any CPU.ActiveCfg = Debug|Any CPU
		{EFCB6EA9-0CFE-4D79-B1B3-E7D7A5A16DC3}.Debug|Any CPU.Build.0 = Debug|Any CPU
		{EFCB6EA9-0CFE-4D79-B1B3-E7D7A5A16DC3}.Debug|x64.ActiveCfg = Debug|Any CPU
		{EFCB6EA9-0CFE-4D79-B1B3-E7D7A5A16DC3}.Debug|x64.Build.0 = Debug|Any CPU
		{EFCB6EA9-0CFE-4D79-B1B3-E7D7A5A16DC3}.Debug|x86.ActiveCfg = Debug|Any CPU
		{EFCB6EA9-0CFE-4D79-B1B3-E7D7A5A16DC3}.Debug|x86.Build.0 = Debug|Any CPU
		{EFCB6EA9-0CFE-4D79-B1B3-E7D7A5A16DC3}.Release|Any CPU.ActiveCfg = Release|Any CPU
		{EFCB6EA9-0CFE-4D79-B1B3-E7D7A5A16DC3}.Release|Any CPU.Build.0 = Release|Any CPU
		{EFCB6EA9-0CFE-4D79-B1B3-E7D7A5A16DC3}.Release|x64.ActiveCfg = Release|Any CPU
		{EFCB6EA9-0CFE-4D79-B1B3-E7D7A5A16DC3}.Release|x64.Build.0 = Release|Any CPU
		{EFCB6EA9-0CFE-4D79-B1B3-E7D7A5A16DC3}.Release|x86.ActiveCfg = Release|Any CPU
		{EFCB6EA9-0CFE-4D79-B1B3-E7D7A5A16DC3}.Release|x86.Build.0 = Release|Any CPU
		{92AE819B-4938-4502-AC32-67063F9893CD}.Debug|Any CPU.ActiveCfg = Debug|Any CPU
		{92AE819B-4938-4502-AC32-67063F9893CD}.Debug|Any CPU.Build.0 = Debug|Any CPU
		{92AE819B-4938-4502-AC32-67063F9893CD}.Debug|x64.ActiveCfg = Debug|Any CPU
		{92AE819B-4938-4502-AC32-67063F9893CD}.Debug|x64.Build.0 = Debug|Any CPU
		{92AE819B-4938-4502-AC32-67063F9893CD}.Debug|x86.ActiveCfg = Debug|Any CPU
		{92AE819B-4938-4502-AC32-67063F9893CD}.Debug|x86.Build.0 = Debug|Any CPU
		{92AE819B-4938-4502-AC32-67063F9893CD}.Release|Any CPU.ActiveCfg = Release|Any CPU
		{92AE819B-4938-4502-AC32-67063F9893CD}.Release|Any CPU.Build.0 = Release|Any CPU
		{92AE819B-4938-4502-AC32-67063F9893CD}.Release|x64.ActiveCfg = Release|Any CPU
		{92AE819B-4938-4502-AC32-67063F9893CD}.Release|x64.Build.0 = Release|Any CPU
		{92AE819B-4938-4502-AC32-67063F9893CD}.Release|x86.ActiveCfg = Release|Any CPU
		{92AE819B-4938-4502-AC32-67063F9893CD}.Release|x86.Build.0 = Release|Any CPU
		{CCC1F400-917F-4F6E-A4BB-DF008C18A98D}.Debug|Any CPU.ActiveCfg = Debug|Any CPU
		{CCC1F400-917F-4F6E-A4BB-DF008C18A98D}.Debug|Any CPU.Build.0 = Debug|Any CPU
		{CCC1F400-917F-4F6E-A4BB-DF008C18A98D}.Debug|x64.ActiveCfg = Debug|Any CPU
		{CCC1F400-917F-4F6E-A4BB-DF008C18A98D}.Debug|x64.Build.0 = Debug|Any CPU
		{CCC1F400-917F-4F6E-A4BB-DF008C18A98D}.Debug|x86.ActiveCfg = Debug|Any CPU
		{CCC1F400-917F-4F6E-A4BB-DF008C18A98D}.Debug|x86.Build.0 = Debug|Any CPU
		{CCC1F400-917F-4F6E-A4BB-DF008C18A98D}.Release|Any CPU.ActiveCfg = Release|Any CPU
		{CCC1F400-917F-4F6E-A4BB-DF008C18A98D}.Release|Any CPU.Build.0 = Release|Any CPU
		{CCC1F400-917F-4F6E-A4BB-DF008C18A98D}.Release|x64.ActiveCfg = Release|Any CPU
		{CCC1F400-917F-4F6E-A4BB-DF008C18A98D}.Release|x64.Build.0 = Release|Any CPU
		{CCC1F400-917F-4F6E-A4BB-DF008C18A98D}.Release|x86.ActiveCfg = Release|Any CPU
		{CCC1F400-917F-4F6E-A4BB-DF008C18A98D}.Release|x86.Build.0 = Release|Any CPU
		{443289BA-C188-41F3-A552-A9A7715BAA49}.Debug|Any CPU.ActiveCfg = Debug|Any CPU
		{443289BA-C188-41F3-A552-A9A7715BAA49}.Debug|Any CPU.Build.0 = Debug|Any CPU
		{443289BA-C188-41F3-A552-A9A7715BAA49}.Debug|x64.ActiveCfg = Debug|Any CPU
		{443289BA-C188-41F3-A552-A9A7715BAA49}.Debug|x64.Build.0 = Debug|Any CPU
		{443289BA-C188-41F3-A552-A9A7715BAA49}.Debug|x86.ActiveCfg = Debug|Any CPU
		{443289BA-C188-41F3-A552-A9A7715BAA49}.Debug|x86.Build.0 = Debug|Any CPU
		{443289BA-C188-41F3-A552-A9A7715BAA49}.Release|Any CPU.ActiveCfg = Release|Any CPU
		{443289BA-C188-41F3-A552-A9A7715BAA49}.Release|Any CPU.Build.0 = Release|Any CPU
		{443289BA-C188-41F3-A552-A9A7715BAA49}.Release|x64.ActiveCfg = Release|Any CPU
		{443289BA-C188-41F3-A552-A9A7715BAA49}.Release|x64.Build.0 = Release|Any CPU
		{443289BA-C188-41F3-A552-A9A7715BAA49}.Release|x86.ActiveCfg = Release|Any CPU
		{443289BA-C188-41F3-A552-A9A7715BAA49}.Release|x86.Build.0 = Release|Any CPU
		{1C21376B-D7AE-4F19-9210-F87296C23FBE}.Debug|Any CPU.ActiveCfg = Debug|Any CPU
		{1C21376B-D7AE-4F19-9210-F87296C23FBE}.Debug|Any CPU.Build.0 = Debug|Any CPU
		{1C21376B-D7AE-4F19-9210-F87296C23FBE}.Debug|x64.ActiveCfg = Debug|Any CPU
		{1C21376B-D7AE-4F19-9210-F87296C23FBE}.Debug|x64.Build.0 = Debug|Any CPU
		{1C21376B-D7AE-4F19-9210-F87296C23FBE}.Debug|x86.ActiveCfg = Debug|Any CPU
		{1C21376B-D7AE-4F19-9210-F87296C23FBE}.Debug|x86.Build.0 = Debug|Any CPU
		{1C21376B-D7AE-4F19-9210-F87296C23FBE}.Release|Any CPU.ActiveCfg = Release|Any CPU
		{1C21376B-D7AE-4F19-9210-F87296C23FBE}.Release|Any CPU.Build.0 = Release|Any CPU
		{1C21376B-D7AE-4F19-9210-F87296C23FBE}.Release|x64.ActiveCfg = Release|Any CPU
		{1C21376B-D7AE-4F19-9210-F87296C23FBE}.Release|x64.Build.0 = Release|Any CPU
		{1C21376B-D7AE-4F19-9210-F87296C23FBE}.Release|x86.ActiveCfg = Release|Any CPU
		{1C21376B-D7AE-4F19-9210-F87296C23FBE}.Release|x86.Build.0 = Release|Any CPU
		{34FC924D-9ACA-4E64-A409-2CE4150FAD31}.Debug|Any CPU.ActiveCfg = Debug|Any CPU
		{34FC924D-9ACA-4E64-A409-2CE4150FAD31}.Debug|Any CPU.Build.0 = Debug|Any CPU
		{34FC924D-9ACA-4E64-A409-2CE4150FAD31}.Debug|x64.ActiveCfg = Debug|Any CPU
		{34FC924D-9ACA-4E64-A409-2CE4150FAD31}.Debug|x64.Build.0 = Debug|Any CPU
		{34FC924D-9ACA-4E64-A409-2CE4150FAD31}.Debug|x86.ActiveCfg = Debug|Any CPU
		{34FC924D-9ACA-4E64-A409-2CE4150FAD31}.Debug|x86.Build.0 = Debug|Any CPU
		{34FC924D-9ACA-4E64-A409-2CE4150FAD31}.Release|Any CPU.ActiveCfg = Release|Any CPU
		{34FC924D-9ACA-4E64-A409-2CE4150FAD31}.Release|Any CPU.Build.0 = Release|Any CPU
		{34FC924D-9ACA-4E64-A409-2CE4150FAD31}.Release|x64.ActiveCfg = Release|Any CPU
		{34FC924D-9ACA-4E64-A409-2CE4150FAD31}.Release|x64.Build.0 = Release|Any CPU
		{34FC924D-9ACA-4E64-A409-2CE4150FAD31}.Release|x86.ActiveCfg = Release|Any CPU
		{34FC924D-9ACA-4E64-A409-2CE4150FAD31}.Release|x86.Build.0 = Release|Any CPU
	EndGlobalSection
	GlobalSection(SolutionProperties) = preSolution
		HideSolutionNode = FALSE
	EndGlobalSection
	GlobalSection(ExtensibilityGlobals) = postSolution
		SolutionGuid = {33FA5BCB-C827-4D44-AECF-F51342DFE64A}
	EndGlobalSection
EndGlobal
